
Microsoft Visual Studio Solution File, Format Version 12.00
# Visual Studio Version 17
VisualStudioVersion = 17.5.002.0
MinimumVisualStudioVersion = 10.0.40219.1
Project("{2150E333-8FDC-42A3-9474-1A3956D46DE8}") = "src", "src", "{93B9CEB0-FE16-4377-BD96-511E8E5917BE}"
EndProject
Project("{9A19103F-16F7-4668-BE54-9A1E7A4F7556}") = "02_03", "src\02_03\02_03.csproj", "{865D2F36-C234-43ED-8BE4-CF4C443B2222}"
EndProject
Project("{9A19103F-16F7-4668-BE54-9A1E7A4F7556}") = "02_02", "src\02_02\02_02.csproj", "{7D2618BC-BF97-4B61-AD3F-6DFAF27F17E2}"
EndProject
Project("{9A19103F-16F7-4668-BE54-9A1E7A4F7556}") = "02_04", "src\02_04\02_04.csproj", "{7B8A1ECA-CF8A-4204-82B4-071A28D6633C}"
EndProject
Project("{9A19103F-16F7-4668-BE54-9A1E7A4F7556}") = "02_06", "src\02_06\02_06.csproj", "{9237F261-025A-4158-B2AB-0E4B009E3EB3}"
EndProject
Project("{9A19103F-16F7-4668-BE54-9A1E7A4F7556}") = "ChallengeZahlenRaten", "src\ChallengeZahlenRaten\ChallengeZahlenRaten.csproj", "{0485A5A7-00D9-412F-936B-30B091B31DFB}"
EndProject
Project("{9A19103F-16F7-4668-BE54-9A1E7A4F7556}") = "04_03_calculator", "src\04_03_calculator\04_03_calculator.csproj", "{BCB74686-9BE7-4125-A94D-873B5F2BDB47}"
EndProject
Project("{9A19103F-16F7-4668-BE54-9A1E7A4F7556}") = "ChallengeBubblesort", "src\ChallengeBubblesort\ChallengeBubblesort.csproj", "{ABDF269C-F99C-4AA1-A5FB-983524BF0C78}"
EndProject
Project("{9A19103F-16F7-4668-BE54-9A1E7A4F7556}") = "02_05", "src\02_05\02_05.csproj", "{BA9F90D5-3FF3-4FED-BCCE-303A9F3D7B4B}"
EndProject
Project("{2150E333-8FDC-42A3-9474-1A3956D46DE8}") = "loesungen", "loesungen", "{328126A6-E99C-406F-9FB4-3261CC159F1C}"
EndProject
Project("{9A19103F-16F7-4668-BE54-9A1E7A4F7556}") = "02_03", "loesungen\02_03\02_03.csproj", "{B2B7E254-45A5-4E08-99A2-ED3481CFDF95}"
EndProject
Project("{9A19103F-16F7-4668-BE54-9A1E7A4F7556}") = "02_02", "loesungen\02_02\02_02.csproj", "{BA9DD6B2-00C2-4EA8-892B-22DCFA2AE9AD}"
EndProject
Project("{9A19103F-16F7-4668-BE54-9A1E7A4F7556}") = "02_04", "loesungen\02_04\02_04.csproj", "{A6BAC598-C7AC-46EE-B6A9-7A7AB17061BF}"
EndProject
Project("{9A19103F-16F7-4668-BE54-9A1E7A4F7556}") = "02_06", "loesungen\02_06\02_06.csproj", "{8FE1A261-2E5C-470C-AEDE-82593BEEDB53}"
EndProject
Project("{9A19103F-16F7-4668-BE54-9A1E7A4F7556}") = "ChallengeZahlenRaten", "loesungen\ChallengeZahlenRaten\ChallengeZahlenRaten.csproj", "{0E819264-61C2-4560-B9B3-3C9E2EBD2443}"
EndProject
Project("{9A19103F-16F7-4668-BE54-9A1E7A4F7556}") = "04_03_calculator", "loesungen\04_03_calculator\04_03_calculator.csproj", "{52806ED8-F226-4D85-B20D-E7A28487FC65}"
EndProject
Project("{9A19103F-16F7-4668-BE54-9A1E7A4F7556}") = "ChallengeBubblesort", "loesungen\ChallengeBubblesort\ChallengeBubblesort.csproj", "{B045B4F2-5EE2-4DFA-AD5D-29896EF2A35E}"
EndProject
Project("{9A19103F-16F7-4668-BE54-9A1E7A4F7556}") = "02_05", "loesungen\02_05\02_05.csproj", "{70055446-74A6-410A-A8D0-A21475826430}"
EndProject
Global
	GlobalSection(SolutionConfigurationPlatforms) = preSolution
		Debug|Any CPU = Debug|Any CPU
		Release|Any CPU = Release|Any CPU
	EndGlobalSection
	GlobalSection(ProjectConfigurationPlatforms) = postSolution
		{865D2F36-C234-43ED-8BE4-CF4C443B2222}.Debug|Any CPU.ActiveCfg = Debug|Any CPU
		{865D2F36-C234-43ED-8BE4-CF4C443B2222}.Debug|Any CPU.Build.0 = Debug|Any CPU
		{865D2F36-C234-43ED-8BE4-CF4C443B2222}.Release|Any CPU.ActiveCfg = Release|Any CPU
		{865D2F36-C234-43ED-8BE4-CF4C443B2222}.Release|Any CPU.Build.0 = Release|Any CPU
		{7D2618BC-BF97-4B61-AD3F-6DFAF27F17E2}.Debug|Any CPU.ActiveCfg = Debug|Any CPU
		{7D2618BC-BF97-4B61-AD3F-6DFAF27F17E2}.Debug|Any CPU.Build.0 = Debug|Any CPU
		{7D2618BC-BF97-4B61-AD3F-6DFAF27F17E2}.Release|Any CPU.ActiveCfg = Release|Any CPU
		{7D2618BC-BF97-4B61-AD3F-6DFAF27F17E2}.Release|Any CPU.Build.0 = Release|Any CPU
		{7B8A1ECA-CF8A-4204-82B4-071A28D6633C}.Debug|Any CPU.ActiveCfg = Debug|Any CPU
		{7B8A1ECA-CF8A-4204-82B4-071A28D6633C}.Debug|Any CPU.Build.0 = Debug|Any CPU
		{7B8A1ECA-CF8A-4204-82B4-071A28D6633C}.Release|Any CPU.ActiveCfg = Release|Any CPU
		{7B8A1ECA-CF8A-4204-82B4-071A28D6633C}.Release|Any CPU.Build.0 = Release|Any CPU
		{9237F261-025A-4158-B2AB-0E4B009E3EB3}.Debug|Any CPU.ActiveCfg = Debug|Any CPU
		{9237F261-025A-4158-B2AB-0E4B009E3EB3}.Debug|Any CPU.Build.0 = Debug|Any CPU
		{9237F261-025A-4158-B2AB-0E4B009E3EB3}.Release|Any CPU.ActiveCfg = Release|Any CPU
		{9237F261-025A-4158-B2AB-0E4B009E3EB3}.Release|Any CPU.Build.0 = Release|Any CPU
		{0485A5A7-00D9-412F-936B-30B091B31DFB}.Debug|Any CPU.ActiveCfg = Debug|Any CPU
		{0485A5A7-00D9-412F-936B-30B091B31DFB}.Debug|Any CPU.Build.0 = Debug|Any CPU
		{0485A5A7-00D9-412F-936B-30B091B31DFB}.Release|Any CPU.ActiveCfg = Release|Any CPU
		{0485A5A7-00D9-412F-936B-30B091B31DFB}.Release|Any CPU.Build.0 = Release|Any CPU
		{BCB74686-9BE7-4125-A94D-873B5F2BDB47}.Debug|Any CPU.ActiveCfg = Debug|Any CPU
		{BCB74686-9BE7-4125-A94D-873B5F2BDB47}.Debug|Any CPU.Build.0 = Debug|Any CPU
		{BCB74686-9BE7-4125-A94D-873B5F2BDB47}.Release|Any CPU.ActiveCfg = Release|Any CPU
		{BCB74686-9BE7-4125-A94D-873B5F2BDB47}.Release|Any CPU.Build.0 = Release|Any CPU
		{ABDF269C-F99C-4AA1-A5FB-983524BF0C78}.Debug|Any CPU.ActiveCfg = Debug|Any CPU
		{ABDF269C-F99C-4AA1-A5FB-983524BF0C78}.Debug|Any CPU.Build.0 = Debug|Any CPU
		{ABDF269C-F99C-4AA1-A5FB-983524BF0C78}.Release|Any CPU.ActiveCfg = Release|Any CPU
		{ABDF269C-F99C-4AA1-A5FB-983524BF0C78}.Release|Any CPU.Build.0 = Release|Any CPU
		{BA9F90D5-3FF3-4FED-BCCE-303A9F3D7B4B}.Debug|Any CPU.ActiveCfg = Debug|Any CPU
		{BA9F90D5-3FF3-4FED-BCCE-303A9F3D7B4B}.Debug|Any CPU.Build.0 = Debug|Any CPU
		{BA9F90D5-3FF3-4FED-BCCE-303A9F3D7B4B}.Release|Any CPU.ActiveCfg = Release|Any CPU
		{BA9F90D5-3FF3-4FED-BCCE-303A9F3D7B4B}.Release|Any CPU.Build.0 = Release|Any CPU
		{B2B7E254-45A5-4E08-99A2-ED3481CFDF95}.Debug|Any CPU.ActiveCfg = Debug|Any CPU
		{B2B7E254-45A5-4E08-99A2-ED3481CFDF95}.Debug|Any CPU.Build.0 = Debug|Any CPU
		{B2B7E254-45A5-4E08-99A2-ED3481CFDF95}.Release|Any CPU.ActiveCfg = Release|Any CPU
		{B2B7E254-45A5-4E08-99A2-ED3481CFDF95}.Release|Any CPU.Build.0 = Release|Any CPU
		{BA9DD6B2-00C2-4EA8-892B-22DCFA2AE9AD}.Debug|Any CPU.ActiveCfg = Debug|Any CPU
		{BA9DD6B2-00C2-4EA8-892B-22DCFA2AE9AD}.Debug|Any CPU.Build.0 = Debug|Any CPU
		{BA9DD6B2-00C2-4EA8-892B-22DCFA2AE9AD}.Release|Any CPU.ActiveCfg = Release|Any CPU
		{BA9DD6B2-00C2-4EA8-892B-22DCFA2AE9AD}.Release|Any CPU.Build.0 = Release|Any CPU
		{A6BAC598-C7AC-46EE-B6A9-7A7AB17061BF}.Debug|Any CPU.ActiveCfg = Debug|Any CPU
		{A6BAC598-C7AC-46EE-B6A9-7A7AB17061BF}.Debug|Any CPU.Build.0 = Debug|Any CPU
		{A6BAC598-C7AC-46EE-B6A9-7A7AB17061BF}.Release|Any CPU.ActiveCfg = Release|Any CPU
		{A6BAC598-C7AC-46EE-B6A9-7A7AB17061BF}.Release|Any CPU.Build.0 = Release|Any CPU
		{8FE1A261-2E5C-470C-AEDE-82593BEEDB53}.Debug|Any CPU.ActiveCfg = Debug|Any CPU
		{8FE1A261-2E5C-470C-AEDE-82593BEEDB53}.Debug|Any CPU.Build.0 = Debug|Any CPU
		{8FE1A261-2E5C-470C-AEDE-82593BEEDB53}.Release|Any CPU.ActiveCfg = Release|Any CPU
		{8FE1A261-2E5C-470C-AEDE-82593BEEDB53}.Release|Any CPU.Build.0 = Release|Any CPU
		{0E819264-61C2-4560-B9B3-3C9E2EBD2443}.Debug|Any CPU.ActiveCfg = Debug|Any CPU
		{0E819264-61C2-4560-B9B3-3C9E2EBD2443}.Debug|Any CPU.Build.0 = Debug|Any CPU
		{0E819264-61C2-4560-B9B3-3C9E2EBD2443}.Release|Any CPU.ActiveCfg = Release|Any CPU
		{0E819264-61C2-4560-B9B3-3C9E2EBD2443}.Release|Any CPU.Build.0 = Release|Any CPU
		{52806ED8-F226-4D85-B20D-E7A28487FC65}.Debug|Any CPU.ActiveCfg = Debug|Any CPU
		{52806ED8-F226-4D85-B20D-E7A28487FC65}.Debug|Any CPU.Build.0 = Debug|Any CPU
		{52806ED8-F226-4D85-B20D-E7A28487FC65}.Release|Any CPU.ActiveCfg = Release|Any CPU
		{52806ED8-F226-4D85-B20D-E7A28487FC65}.Release|Any CPU.Build.0 = Release|Any CPU
		{B045B4F2-5EE2-4DFA-AD5D-29896EF2A35E}.Debug|Any CPU.ActiveCfg = Debug|Any CPU
		{B045B4F2-5EE2-4DFA-AD5D-29896EF2A35E}.Debug|Any CPU.Build.0 = Debug|Any CPU
		{B045B4F2-5EE2-4DFA-AD5D-29896EF2A35E}.Release|Any CPU.ActiveCfg = Release|Any CPU
		{B045B4F2-5EE2-4DFA-AD5D-29896EF2A35E}.Release|Any CPU.Build.0 = Release|Any CPU
		{70055446-74A6-410A-A8D0-A21475826430}.Debug|Any CPU.ActiveCfg = Debug|Any CPU
		{70055446-74A6-410A-A8D0-A21475826430}.Debug|Any CPU.Build.0 = Debug|Any CPU
		{70055446-74A6-410A-A8D0-A21475826430}.Release|Any CPU.ActiveCfg = Release|Any CPU
		{70055446-74A6-410A-A8D0-A21475826430}.Release|Any CPU.Build.0 = Release|Any CPU
	EndGlobalSection
	GlobalSection(SolutionProperties) = preSolution
		HideSolutionNode = FALSE
	EndGlobalSection
	GlobalSection(NestedProjects) = preSolution
		{865D2F36-C234-43ED-8BE4-CF4C443B2222} = {93B9CEB0-FE16-4377-BD96-511E8E5917BE}
		{7D2618BC-BF97-4B61-AD3F-6DFAF27F17E2} = {93B9CEB0-FE16-4377-BD96-511E8E5917BE}
		{7B8A1ECA-CF8A-4204-82B4-071A28D6633C} = {93B9CEB0-FE16-4377-BD96-511E8E5917BE}
		{9237F261-025A-4158-B2AB-0E4B009E3EB3} = {93B9CEB0-FE16-4377-BD96-511E8E5917BE}
		{0485A5A7-00D9-412F-936B-30B091B31DFB} = {93B9CEB0-FE16-4377-BD96-511E8E5917BE}
		{BCB74686-9BE7-4125-A94D-873B5F2BDB47} = {93B9CEB0-FE16-4377-BD96-511E8E5917BE}
		{ABDF269C-F99C-4AA1-A5FB-983524BF0C78} = {93B9CEB0-FE16-4377-BD96-511E8E5917BE}
		{BA9F90D5-3FF3-4FED-BCCE-303A9F3D7B4B} = {93B9CEB0-FE16-4377-BD96-511E8E5917BE}
		{B2B7E254-45A5-4E08-99A2-ED3481CFDF95} = {328126A6-E99C-406F-9FB4-3261CC159F1C}
		{BA9DD6B2-00C2-4EA8-892B-22DCFA2AE9AD} = {328126A6-E99C-406F-9FB4-3261CC159F1C}
		{A6BAC598-C7AC-46EE-B6A9-7A7AB17061BF} = {328126A6-E99C-406F-9FB4-3261CC159F1C}
		{8FE1A261-2E5C-470C-AEDE-82593BEEDB53} = {328126A6-E99C-406F-9FB4-3261CC159F1C}
		{0E819264-61C2-4560-B9B3-3C9E2EBD2443} = {328126A6-E99C-406F-9FB4-3261CC159F1C}
		{52806ED8-F226-4D85-B20D-E7A28487FC65} = {328126A6-E99C-406F-9FB4-3261CC159F1C}
		{B045B4F2-5EE2-4DFA-AD5D-29896EF2A35E} = {328126A6-E99C-406F-9FB4-3261CC159F1C}
		{70055446-74A6-410A-A8D0-A21475826430} = {328126A6-E99C-406F-9FB4-3261CC159F1C}
	EndGlobalSection
	GlobalSection(ExtensibilityGlobals) = postSolution
		SolutionGuid = {E212C374-9C20-406E-9CD9-3DDDBB374C7B}
	EndGlobalSection
EndGlobal
